
Microsoft Visual Studio Solution File, Format Version 12.00
# Visual Studio Version 16
VisualStudioVersion = 16.0.30717.126
MinimumVisualStudioVersion = 10.0.40219.1
Project("{888888A0-9F3D-457C-B088-3A5042F75D52}") = "test_selenium", "test_selenium.pyproj", "{46193BE1-2039-45F4-8618-53329266F25A}"
EndProject
Global
	GlobalSection(SolutionConfigurationPlatforms) = preSolution
		Debug|Any CPU = Debug|Any CPU
		Release|Any CPU = Release|Any CPU
	EndGlobalSection
	GlobalSection(ProjectConfigurationPlatforms) = postSolution
		{46193BE1-2039-45F4-8618-53329266F25A}.Debug|Any CPU.ActiveCfg = Debug|Any CPU
		{46193BE1-2039-45F4-8618-53329266F25A}.Release|Any CPU.ActiveCfg = Release|Any CPU
	EndGlobalSection
	GlobalSection(SolutionProperties) = preSolution
		HideSolutionNode = FALSE
	EndGlobalSection
	GlobalSection(ExtensibilityGlobals) = postSolution
		SolutionGuid = {9F808764-F380-4389-95A6-4EAFA6A6DEA4}
	EndGlobalSection
EndGlobal
